// !$*UTF8*$!
{
	archiveVersion = 1;
	classes = {
	};
	objectVersion = 56;
	objects = {

/* Begin PBXBuildFile section */
		6C09B65E29A9CBF500AFFC82 /* RingAnimationViewController.swift in Sources */ = {isa = PBXBuildFile; fileRef = 6C09B65D29A9CBF500AFFC82 /* RingAnimationViewController.swift */; };
		6CABF33929A7A2D700BD6BCC /* AppDelegate.swift in Sources */ = {isa = PBXBuildFile; fileRef = 6CABF33829A7A2D700BD6BCC /* AppDelegate.swift */; };
		6CABF33B29A7A2D700BD6BCC /* SceneDelegate.swift in Sources */ = {isa = PBXBuildFile; fileRef = 6CABF33A29A7A2D700BD6BCC /* SceneDelegate.swift */; };
		6CABF33D29A7A2D700BD6BCC /* ViewController.swift in Sources */ = {isa = PBXBuildFile; fileRef = 6CABF33C29A7A2D700BD6BCC /* ViewController.swift */; };
		6CABF34029A7A2D700BD6BCC /* Main.storyboard in Resources */ = {isa = PBXBuildFile; fileRef = 6CABF33E29A7A2D700BD6BCC /* Main.storyboard */; };
		6CABF34229A7A2D800BD6BCC /* Assets.xcassets in Resources */ = {isa = PBXBuildFile; fileRef = 6CABF34129A7A2D800BD6BCC /* Assets.xcassets */; };
		6CABF34529A7A2D800BD6BCC /* LaunchScreen.storyboard in Resources */ = {isa = PBXBuildFile; fileRef = 6CABF34329A7A2D800BD6BCC /* LaunchScreen.storyboard */; };
		6CABF34E29A7A47900BD6BCC /* TableViewCell.swift in Sources */ = {isa = PBXBuildFile; fileRef = 6CABF34C29A7A47900BD6BCC /* TableViewCell.swift */; };
		6CABF34F29A7A47900BD6BCC /* TableViewCell.xib in Resources */ = {isa = PBXBuildFile; fileRef = 6CABF34D29A7A47900BD6BCC /* TableViewCell.xib */; };
/* End PBXBuildFile section */

/* Begin PBXFileReference section */
		6C09B65D29A9CBF500AFFC82 /* RingAnimationViewController.swift */ = {isa = PBXFileReference; lastKnownFileType = sourcecode.swift; path = RingAnimationViewController.swift; sourceTree = "<group>"; };
		6CABF33529A7A2D700BD6BCC /* Core Animation.app */ = {isa = PBXFileReference; explicitFileType = wrapper.application; includeInIndex = 0; path = "Core Animation.app"; sourceTree = BUILT_PRODUCTS_DIR; };
		6CABF33829A7A2D700BD6BCC /* AppDelegate.swift */ = {isa = PBXFileReference; lastKnownFileType = sourcecode.swift; path = AppDelegate.swift; sourceTree = "<group>"; };
		6CABF33A29A7A2D700BD6BCC /* SceneDelegate.swift */ = {isa = PBXFileReference; lastKnownFileType = sourcecode.swift; path = SceneDelegate.swift; sourceTree = "<group>"; };
		6CABF33C29A7A2D700BD6BCC /* ViewController.swift */ = {isa = PBXFileReference; lastKnownFileType = sourcecode.swift; path = ViewController.swift; sourceTree = "<group>"; };
		6CABF33F29A7A2D700BD6BCC /* Base */ = {isa = PBXFileReference; lastKnownFileType = file.storyboard; name = Base; path = Base.lproj/Main.storyboard; sourceTree = "<group>"; };
		6CABF34129A7A2D800BD6BCC /* Assets.xcassets */ = {isa = PBXFileReference; lastKnownFileType = folder.assetcatalog; path = Assets.xcassets; sourceTree = "<group>"; };
		6CABF34429A7A2D800BD6BCC /* Base */ = {isa = PBXFileReference; lastKnownFileType = file.storyboard; name = Base; path = Base.lproj/LaunchScreen.storyboard; sourceTree = "<group>"; };
		6CABF34629A7A2D800BD6BCC /* Info.plist */ = {isa = PBXFileReference; lastKnownFileType = text.plist.xml; path = Info.plist; sourceTree = "<group>"; };
		6CABF34C29A7A47900BD6BCC /* TableViewCell.swift */ = {isa = PBXFileReference; lastKnownFileType = sourcecode.swift; path = TableViewCell.swift; sourceTree = "<group>"; };
		6CABF34D29A7A47900BD6BCC /* TableViewCell.xib */ = {isa = PBXFileReference; lastKnownFileType = file.xib; path = TableViewCell.xib; sourceTree = "<group>"; };
/* End PBXFileReference section */

/* Begin PBXFrameworksBuildPhase section */
		6CABF33229A7A2D700BD6BCC /* Frameworks */ = {
			isa = PBXFrameworksBuildPhase;
			buildActionMask = 2147483647;
			files = (
			);
			runOnlyForDeploymentPostprocessing = 0;
		};
/* End PBXFrameworksBuildPhase section */

/* Begin PBXGroup section */
		6CABF32C29A7A2D700BD6BCC = {
			isa = PBXGroup;
			children = (
				6CABF33729A7A2D700BD6BCC /* Core Animation */,
				6CABF33629A7A2D700BD6BCC /* Products */,
			);
			sourceTree = "<group>";
		};
		6CABF33629A7A2D700BD6BCC /* Products */ = {
			isa = PBXGroup;
			children = (
				6CABF33529A7A2D700BD6BCC /* Core Animation.app */,
			);
			name = Products;
			sourceTree = "<group>";
		};
		6CABF33729A7A2D700BD6BCC /* Core Animation */ = {
			isa = PBXGroup;
			children = (
				6CABF35029A7A47E00BD6BCC /* System */,
				6CABF35229A7A4AF00BD6BCC /* Controller */,
				6CABF35129A7A48C00BD6BCC /* View */,
				6CABF34129A7A2D800BD6BCC /* Assets.xcassets */,
				6CABF34329A7A2D800BD6BCC /* LaunchScreen.storyboard */,
				6CABF34629A7A2D800BD6BCC /* Info.plist */,
			);
			path = "Core Animation";
			sourceTree = "<group>";
		};
		6CABF35029A7A47E00BD6BCC /* System */ = {
			isa = PBXGroup;
			children = (
				6CABF33829A7A2D700BD6BCC /* AppDelegate.swift */,
				6CABF33A29A7A2D700BD6BCC /* SceneDelegate.swift */,
			);
			path = System;
			sourceTree = "<group>";
		};
		6CABF35129A7A48C00BD6BCC /* View */ = {
			isa = PBXGroup;
			children = (
				6CABF34C29A7A47900BD6BCC /* TableViewCell.swift */,
				6CABF34D29A7A47900BD6BCC /* TableViewCell.xib */,
			);
			path = View;
			sourceTree = "<group>";
		};
		6CABF35229A7A4AF00BD6BCC /* Controller */ = {
			isa = PBXGroup;
			children = (
				6CABF33E29A7A2D700BD6BCC /* Main.storyboard */,
				6CABF33C29A7A2D700BD6BCC /* ViewController.swift */,
				6C09B65D29A9CBF500AFFC82 /* RingAnimationViewController.swift */,
			);
			path = Controller;
			sourceTree = "<group>";
		};
/* End PBXGroup section */

/* Begin PBXNativeTarget section */
		6CABF33429A7A2D700BD6BCC /* Core Animation */ = {
			isa = PBXNativeTarget;
			buildConfigurationList = 6CABF34929A7A2D800BD6BCC /* Build configuration list for PBXNativeTarget "Core Animation" */;
			buildPhases = (
				6CABF33129A7A2D700BD6BCC /* Sources */,
				6CABF33229A7A2D700BD6BCC /* Frameworks */,
				6CABF33329A7A2D700BD6BCC /* Resources */,
			);
			buildRules = (
			);
			dependencies = (
			);
			name = "Core Animation";
			productName = "Core Animation";
			productReference = 6CABF33529A7A2D700BD6BCC /* Core Animation.app */;
			productType = "com.apple.product-type.application";
		};
/* End PBXNativeTarget section */

/* Begin PBXProject section */
		6CABF32D29A7A2D700BD6BCC /* Project object */ = {
			isa = PBXProject;
			attributes = {
				BuildIndependentTargetsInParallel = 1;
				LastSwiftUpdateCheck = 1420;
				LastUpgradeCheck = 1420;
				TargetAttributes = {
					6CABF33429A7A2D700BD6BCC = {
						CreatedOnToolsVersion = 14.2;
					};
				};
			};
			buildConfigurationList = 6CABF33029A7A2D700BD6BCC /* Build configuration list for PBXProject "Core Animation" */;
			compatibilityVersion = "Xcode 14.0";
			developmentRegion = en;
			hasScannedForEncodings = 0;
			knownRegions = (
				en,
				Base,
			);
			mainGroup = 6CABF32C29A7A2D700BD6BCC;
			productRefGroup = 6CABF33629A7A2D700BD6BCC /* Products */;
			projectDirPath = "";
			projectRoot = "";
			targets = (
				6CABF33429A7A2D700BD6BCC /* Core Animation */,
			);
		};
/* End PBXProject section */

/* Begin PBXResourcesBuildPhase section */
		6CABF33329A7A2D700BD6BCC /* Resources */ = {
			isa = PBXResourcesBuildPhase;
			buildActionMask = 2147483647;
			files = (
				6CABF34529A7A2D800BD6BCC /* LaunchScreen.storyboard in Resources */,
				6CABF34F29A7A47900BD6BCC /* TableViewCell.xib in Resources */,
				6CABF34229A7A2D800BD6BCC /* Assets.xcassets in Resources */,
				6CABF34029A7A2D700BD6BCC /* Main.storyboard in Resources */,
			);
			runOnlyForDeploymentPostprocessing = 0;
		};
/* End PBXResourcesBuildPhase section */

/* Begin PBXSourcesBuildPhase section */
		6CABF33129A7A2D700BD6BCC /* Sources */ = {
			isa = PBXSourcesBuildPhase;
			buildActionMask = 2147483647;
			files = (
				6C09B65E29A9CBF500AFFC82 /* RingAnimationViewController.swift in Sources */,
				6CABF33D29A7A2D700BD6BCC /* ViewController.swift in Sources */,
				6CABF34E29A7A47900BD6BCC /* TableViewCell.swift in Sources */,
				6CABF33929A7A2D700BD6BCC /* AppDelegate.swift in Sources */,
				6CABF33B29A7A2D700BD6BCC /* SceneDelegate.swift in Sources */,
			);
			runOnlyForDeploymentPostprocessing = 0;
		};
/* End PBXSourcesBuildPhase section */

/* Begin PBXVariantGroup section */
		6CABF33E29A7A2D700BD6BCC /* Main.storyboard */ = {
			isa = PBXVariantGroup;
			children = (
				6CABF33F29A7A2D700BD6BCC /* Base */,
			);
			name = Main.storyboard;
			sourceTree = "<group>";
		};
		6CABF34329A7A2D800BD6BCC /* LaunchScreen.storyboard */ = {
			isa = PBXVariantGroup;
			children = (
				6CABF34429A7A2D800BD6BCC /* Base */,
			);
			name = LaunchScreen.storyboard;
			sourceTree = "<group>";
		};
/* End PBXVariantGroup section */

/* Begin XCBuildConfiguration section */
		6CABF34729A7A2D800BD6BCC /* Debug */ = {
			isa = XCBuildConfiguration;
			buildSettings = {
				ALWAYS_SEARCH_USER_PATHS = NO;
				CLANG_ANALYZER_NONNULL = YES;
				CLANG_ANALYZER_NUMBER_OBJECT_CONVERSION = YES_AGGRESSIVE;
				CLANG_CXX_LANGUAGE_STANDARD = "gnu++20";
				CLANG_ENABLE_MODULES = YES;
				CLANG_ENABLE_OBJC_ARC = YES;
				CLANG_ENABLE_OBJC_WEAK = YES;
				CLANG_WARN_BLOCK_CAPTURE_AUTORELEASING = YES;
				CLANG_WARN_BOOL_CONVERSION = YES;
				CLANG_WARN_COMMA = YES;
				CLANG_WARN_CONSTANT_CONVERSION = YES;
				CLANG_WARN_DEPRECATED_OBJC_IMPLEMENTATIONS = YES;
				CLANG_WARN_DIRECT_OBJC_ISA_USAGE = YES_ERROR;
				CLANG_WARN_DOCUMENTATION_COMMENTS = YES;
				CLANG_WARN_EMPTY_BODY = YES;
				CLANG_WARN_ENUM_CONVERSION = YES;
				CLANG_WARN_INFINITE_RECURSION = YES;
				CLANG_WARN_INT_CONVERSION = YES;
				CLANG_WARN_NON_LITERAL_NULL_CONVERSION = YES;
				CLANG_WARN_OBJC_IMPLICIT_RETAIN_SELF = YES;
				CLANG_WARN_OBJC_LITERAL_CONVERSION = YES;
				CLANG_WARN_OBJC_ROOT_CLASS = YES_ERROR;
				CLANG_WARN_QUOTED_INCLUDE_IN_FRAMEWORK_HEADER = YES;
				CLANG_WARN_RANGE_LOOP_ANALYSIS = YES;
				CLANG_WARN_STRICT_PROTOTYPES = YES;
				CLANG_WARN_SUSPICIOUS_MOVE = YES;
				CLANG_WARN_UNGUARDED_AVAILABILITY = YES_AGGRESSIVE;
				CLANG_WARN_UNREACHABLE_CODE = YES;
				CLANG_WARN__DUPLICATE_METHOD_MATCH = YES;
				COPY_PHASE_STRIP = NO;
				DEBUG_INFORMATION_FORMAT = dwarf;
				ENABLE_STRICT_OBJC_MSGSEND = YES;
				ENABLE_TESTABILITY = YES;
				GCC_C_LANGUAGE_STANDARD = gnu11;
				GCC_DYNAMIC_NO_PIC = NO;
				GCC_NO_COMMON_BLOCKS = YES;
				GCC_OPTIMIZATION_LEVEL = 0;
				GCC_PREPROCESSOR_DEFINITIONS = (
					"DEBUG=1",
					"$(inherited)",
				);
				GCC_WARN_64_TO_32_BIT_CONVERSION = YES;
				GCC_WARN_ABOUT_RETURN_TYPE = YES_ERROR;
				GCC_WARN_UNDECLARED_SELECTOR = YES;
				GCC_WARN_UNINITIALIZED_AUTOS = YES_AGGRESSIVE;
				GCC_WARN_UNUSED_FUNCTION = YES;
				GCC_WARN_UNUSED_VARIABLE = YES;
				IPHONEOS_DEPLOYMENT_TARGET = 16.2;
				MTL_ENABLE_DEBUG_INFO = INCLUDE_SOURCE;
				MTL_FAST_MATH = YES;
				ONLY_ACTIVE_ARCH = YES;
				SDKROOT = iphoneos;
				SWIFT_ACTIVE_COMPILATION_CONDITIONS = DEBUG;
				SWIFT_OPTIMIZATION_LEVEL = "-Onone";
			};
			name = Debug;
		};
		6CABF34829A7A2D800BD6BCC /* Release */ = {
			isa = XCBuildConfiguration;
			buildSettings = {
				ALWAYS_SEARCH_USER_PATHS = NO;
				CLANG_ANALYZER_NONNULL = YES;
				CLANG_ANALYZER_NUMBER_OBJECT_CONVERSION = YES_AGGRESSIVE;
				CLANG_CXX_LANGUAGE_STANDARD = "gnu++20";
				CLANG_ENABLE_MODULES = YES;
				CLANG_ENABLE_OBJC_ARC = YES;
				CLANG_ENABLE_OBJC_WEAK = YES;
				CLANG_WARN_BLOCK_CAPTURE_AUTORELEASING = YES;
				CLANG_WARN_BOOL_CONVERSION = YES;
				CLANG_WARN_COMMA = YES;
				CLANG_WARN_CONSTANT_CONVERSION = YES;
				CLANG_WARN_DEPRECATED_OBJC_IMPLEMENTATIONS = YES;
				CLANG_WARN_DIRECT_OBJC_ISA_USAGE = YES_ERROR;
				CLANG_WARN_DOCUMENTATION_COMMENTS = YES;
				CLANG_WARN_EMPTY_BODY = YES;
				CLANG_WARN_ENUM_CONVERSION = YES;
				CLANG_WARN_INFINITE_RECURSION = YES;
				CLANG_WARN_INT_CONVERSION = YES;
				CLANG_WARN_NON_LITERAL_NULL_CONVERSION = YES;
				CLANG_WARN_OBJC_IMPLICIT_RETAIN_SELF = YES;
				CLANG_WARN_OBJC_LITERAL_CONVERSION = YES;
				CLANG_WARN_OBJC_ROOT_CLASS = YES_ERROR;
				CLANG_WARN_QUOTED_INCLUDE_IN_FRAMEWORK_HEADER = YES;
				CLANG_WARN_RANGE_LOOP_ANALYSIS = YES;
				CLANG_WARN_STRICT_PROTOTYPES = YES;
				CLANG_WARN_SUSPICIOUS_MOVE = YES;
				CLANG_WARN_UNGUARDED_AVAILABILITY = YES_AGGRESSIVE;
				CLANG_WARN_UNREACHABLE_CODE = YES;
				CLANG_WARN__DUPLICATE_METHOD_MATCH = YES;
				COPY_PHASE_STRIP = NO;
				DEBUG_INFORMATION_FORMAT = "dwarf-with-dsym";
				ENABLE_NS_ASSERTIONS = NO;
				ENABLE_STRICT_OBJC_MSGSEND = YES;
				GCC_C_LANGUAGE_STANDARD = gnu11;
				GCC_NO_COMMON_BLOCKS = YES;
				GCC_WARN_64_TO_32_BIT_CONVERSION = YES;
				GCC_WARN_ABOUT_RETURN_TYPE = YES_ERROR;
				GCC_WARN_UNDECLARED_SELECTOR = YES;
				GCC_WARN_UNINITIALIZED_AUTOS = YES_AGGRESSIVE;
				GCC_WARN_UNUSED_FUNCTION = YES;
				GCC_WARN_UNUSED_VARIABLE = YES;
				IPHONEOS_DEPLOYMENT_TARGET = 16.2;
				MTL_ENABLE_DEBUG_INFO = NO;
				MTL_FAST_MATH = YES;
				SDKROOT = iphoneos;
				SWIFT_COMPILATION_MODE = wholemodule;
				SWIFT_OPTIMIZATION_LEVEL = "-O";
				VALIDATE_PRODUCT = YES;
			};
			name = Release;
		};
		6CABF34A29A7A2D800BD6BCC /* Debug */ = {
			isa = XCBuildConfiguration;
			buildSettings = {
				ASSETCATALOG_COMPILER_APPICON_NAME = AppIcon;
				ASSETCATALOG_COMPILER_GLOBAL_ACCENT_COLOR_NAME = AccentColor;
				CODE_SIGN_STYLE = Automatic;
				CURRENT_PROJECT_VERSION = 1;
				DEVELOPMENT_TEAM = 88MNYF3498;
				GENERATE_INFOPLIST_FILE = YES;
				INFOPLIST_FILE = "Core Animation/Info.plist";
				INFOPLIST_KEY_UIApplicationSupportsIndirectInputEvents = YES;
				INFOPLIST_KEY_UILaunchStoryboardName = LaunchScreen;
				INFOPLIST_KEY_UIMainStoryboardFile = Main;
				INFOPLIST_KEY_UISupportedInterfaceOrientations_iPad = "UIInterfaceOrientationPortrait UIInterfaceOrientationPortraitUpsideDown UIInterfaceOrientationLandscapeLeft UIInterfaceOrientationLandscapeRight";
				INFOPLIST_KEY_UISupportedInterfaceOrientations_iPhone = "UIInterfaceOrientationPortrait UIInterfaceOrientationLandscapeLeft UIInterfaceOrientationLandscapeRight";
				LD_RUNPATH_SEARCH_PATHS = (
					"$(inherited)",
					"@executable_path/Frameworks",
				);
				MARKETING_VERSION = 1.0;
				PRODUCT_BUNDLE_IDENTIFIER = "kashem.com.Core-Animation";
				PRODUCT_NAME = "$(TARGET_NAME)";
				SWIFT_EMIT_LOC_STRINGS = YES;
				SWIFT_VERSION = 5.0;
				TARGETED_DEVICE_FAMILY = "1,2";
			};
			name = Debug;
		};
		6CABF34B29A7A2D800BD6BCC /* Release */ = {
			isa = XCBuildConfiguration;
			buildSettings = {
				ASSETCATALOG_COMPILER_APPICON_NAME = AppIcon;
				ASSETCATALOG_COMPILER_GLOBAL_ACCENT_COLOR_NAME = AccentColor;
				CODE_SIGN_STYLE = Automatic;
				CURRENT_PROJECT_VERSION = 1;
				DEVELOPMENT_TEAM = 88MNYF3498;
				GENERATE_INFOPLIST_FILE = YES;
				INFOPLIST_FILE = "Core Animation/Info.plist";
				INFOPLIST_KEY_UIApplicationSupportsIndirectInputEvents = YES;
				INFOPLIST_KEY_UILaunchStoryboardName = LaunchScreen;
				INFOPLIST_KEY_UIMainStoryboardFile = Main;
				INFOPLIST_KEY_UISupportedInterfaceOrientations_iPad = "UIInterfaceOrientationPortrait UIInterfaceOrientationPortraitUpsideDown UIInterfaceOrientationLandscapeLeft UIInterfaceOrientationLandscapeRight";
				INFOPLIST_KEY_UISupportedInterfaceOrientations_iPhone = "UIInterfaceOrientationPortrait UIInterfaceOrientationLandscapeLeft UIInterfaceOrientationLandscapeRight";
				LD_RUNPATH_SEARCH_PATHS = (
					"$(inherited)",
					"@executable_path/Frameworks",
				);
				MARKETING_VERSION = 1.0;
				PRODUCT_BUNDLE_IDENTIFIER = "kashem.com.Core-Animation";
				PRODUCT_NAME = "$(TARGET_NAME)";
				SWIFT_EMIT_LOC_STRINGS = YES;
				SWIFT_VERSION = 5.0;
				TARGETED_DEVICE_FAMILY = "1,2";
			};
			name = Release;
		};
/* End XCBuildConfiguration section */

/* Begin XCConfigurationList section */
		6CABF33029A7A2D700BD6BCC /* Build configuration list for PBXProject "Core Animation" */ = {
			isa = XCConfigurationList;
			buildConfigurations = (
				6CABF34729A7A2D800BD6BCC /* Debug */,
				6CABF34829A7A2D800BD6BCC /* Release */,
			);
			defaultConfigurationIsVisible = 0;
			defaultConfigurationName = Release;
		};
		6CABF34929A7A2D800BD6BCC /* Build configuration list for PBXNativeTarget "Core Animation" */ = {
			isa = XCConfigurationList;
			buildConfigurations = (
				6CABF34A29A7A2D800BD6BCC /* Debug */,
				6CABF34B29A7A2D800BD6BCC /* Release */,
			);
			defaultConfigurationIsVisible = 0;
			defaultConfigurationName = Release;
		};
/* End XCConfigurationList section */
	};
	rootObject = 6CABF32D29A7A2D700BD6BCC /* Project object */;
}
